
Microsoft Visual Studio Solution File, Format Version 12.00
# Visual Studio Version 17
VisualStudioVersion = 17.2.32505.173
MinimumVisualStudioVersion = 10.0.40219.1
Project("{FAE04EC0-301F-11D3-BF4B-00C04F79EFBC}") = "UdemyAuthApp", "UdemyAuthApp\UdemyAuthApp.csproj", "{380DC026-AF0A-4FDD-8B13-60C804C90B97}"
EndProject
Global
	GlobalSection(SolutionConfigurationPlatforms) = preSolution
		Debug|Any CPU = Debug|Any CPU
		Release|Any CPU = Release|Any CPU
	EndGlobalSection
	GlobalSection(ProjectConfigurationPlatforms) = postSolution
		{380DC026-AF0A-4FDD-8B13-60C804C90B97}.Debug|Any CPU.ActiveCfg = Debug|Any CPU
		{380DC026-AF0A-4FDD-8B13-60C804C90B97}.Debug|Any CPU.Build.0 = Debug|Any CPU
		{380DC026-AF0A-4FDD-8B13-60C804C90B97}.Release|Any CPU.ActiveCfg = Release|Any CPU
		{380DC026-AF0A-4FDD-8B13-60C804C90B97}.Release|Any CPU.Build.0 = Release|Any CPU
	EndGlobalSection
	GlobalSection(SolutionProperties) = preSolution
		HideSolutionNode = FALSE
	EndGlobalSection
	GlobalSection(ExtensibilityGlobals) = postSolution
		SolutionGuid = {90C40B71-4BDC-4C5E-B3F6-E73162E47657}
	EndGlobalSection
EndGlobal
