
Microsoft Visual Studio Solution File, Format Version 12.00
# Visual Studio Version 17
VisualStudioVersion = 17.2.32505.173
MinimumVisualStudioVersion = 10.0.40219.1
Project("{FAE04EC0-301F-11D3-BF4B-00C04F79EFBC}") = "Az204InteractiveAuth", "Az204InteractiveAuth\Az204InteractiveAuth.csproj", "{054656A2-5370-40A0-9FDB-996C859649A0}"
EndProject
Global
	GlobalSection(SolutionConfigurationPlatforms) = preSolution
		Debug|Any CPU = Debug|Any CPU
		Release|Any CPU = Release|Any CPU
	EndGlobalSection
	GlobalSection(ProjectConfigurationPlatforms) = postSolution
		{054656A2-5370-40A0-9FDB-996C859649A0}.Debug|Any CPU.ActiveCfg = Debug|Any CPU
		{054656A2-5370-40A0-9FDB-996C859649A0}.Debug|Any CPU.Build.0 = Debug|Any CPU
		{054656A2-5370-40A0-9FDB-996C859649A0}.Release|Any CPU.ActiveCfg = Release|Any CPU
		{054656A2-5370-40A0-9FDB-996C859649A0}.Release|Any CPU.Build.0 = Release|Any CPU
	EndGlobalSection
	GlobalSection(SolutionProperties) = preSolution
		HideSolutionNode = FALSE
	EndGlobalSection
	GlobalSection(ExtensibilityGlobals) = postSolution
		SolutionGuid = {BE36D027-71AE-4556-8F11-D4A20DA96C3D}
	EndGlobalSection
EndGlobal
