
Microsoft Visual Studio Solution File, Format Version 12.00
# Visual Studio Version 17
VisualStudioVersion = 17.2.32505.173
MinimumVisualStudioVersion = 10.0.40219.1
Project("{FAE04EC0-301F-11D3-BF4B-00C04F79EFBC}") = "EventHubFunction", "EventHubFunction\EventHubFunction.csproj", "{1C70EFDA-1504-45E6-A757-1230822DA770}"
EndProject
Global
	GlobalSection(SolutionConfigurationPlatforms) = preSolution
		Debug|Any CPU = Debug|Any CPU
		Release|Any CPU = Release|Any CPU
	EndGlobalSection
	GlobalSection(ProjectConfigurationPlatforms) = postSolution
		{1C70EFDA-1504-45E6-A757-1230822DA770}.Debug|Any CPU.ActiveCfg = Debug|Any CPU
		{1C70EFDA-1504-45E6-A757-1230822DA770}.Debug|Any CPU.Build.0 = Debug|Any CPU
		{1C70EFDA-1504-45E6-A757-1230822DA770}.Release|Any CPU.ActiveCfg = Release|Any CPU
		{1C70EFDA-1504-45E6-A757-1230822DA770}.Release|Any CPU.Build.0 = Release|Any CPU
	EndGlobalSection
	GlobalSection(SolutionProperties) = preSolution
		HideSolutionNode = FALSE
	EndGlobalSection
	GlobalSection(ExtensibilityGlobals) = postSolution
		SolutionGuid = {083DC595-5689-42E7-BFE0-C817216BDB27}
	EndGlobalSection
EndGlobal
