
Microsoft Visual Studio Solution File, Format Version 12.00
# Visual Studio Version 17
VisualStudioVersion = 17.2.32505.173
MinimumVisualStudioVersion = 10.0.40219.1
Project("{FAE04EC0-301F-11D3-BF4B-00C04F79EFBC}") = "UdemyAuthApi", "UdemyAuthApi\UdemyAuthApi.csproj", "{65719878-0F79-4633-ADB2-5F18269B33CC}"
EndProject
Global
	GlobalSection(SolutionConfigurationPlatforms) = preSolution
		Debug|Any CPU = Debug|Any CPU
		Release|Any CPU = Release|Any CPU
	EndGlobalSection
	GlobalSection(ProjectConfigurationPlatforms) = postSolution
		{65719878-0F79-4633-ADB2-5F18269B33CC}.Debug|Any CPU.ActiveCfg = Debug|Any CPU
		{65719878-0F79-4633-ADB2-5F18269B33CC}.Debug|Any CPU.Build.0 = Debug|Any CPU
		{65719878-0F79-4633-ADB2-5F18269B33CC}.Release|Any CPU.ActiveCfg = Release|Any CPU
		{65719878-0F79-4633-ADB2-5F18269B33CC}.Release|Any CPU.Build.0 = Release|Any CPU
	EndGlobalSection
	GlobalSection(SolutionProperties) = preSolution
		HideSolutionNode = FALSE
	EndGlobalSection
	GlobalSection(ExtensibilityGlobals) = postSolution
		SolutionGuid = {98ED5BA9-B8A4-465D-8D79-D78941B5A2BA}
	EndGlobalSection
EndGlobal
