
Microsoft Visual Studio Solution File, Format Version 12.00
# Visual Studio Version 17
VisualStudioVersion = 17.2.32505.173
MinimumVisualStudioVersion = 10.0.40219.1
Project("{FAE04EC0-301F-11D3-BF4B-00C04F79EFBC}") = "UdemyServiceBusMessageProcessor", "UdemyServiceBusMessageProcessor\UdemyServiceBusMessageProcessor.csproj", "{5F9149F0-BEA7-4ABD-AA57-791C5A17D309}"
EndProject
Global
	GlobalSection(SolutionConfigurationPlatforms) = preSolution
		Debug|Any CPU = Debug|Any CPU
		Release|Any CPU = Release|Any CPU
	EndGlobalSection
	GlobalSection(ProjectConfigurationPlatforms) = postSolution
		{5F9149F0-BEA7-4ABD-AA57-791C5A17D309}.Debug|Any CPU.ActiveCfg = Debug|Any CPU
		{5F9149F0-BEA7-4ABD-AA57-791C5A17D309}.Debug|Any CPU.Build.0 = Debug|Any CPU
		{5F9149F0-BEA7-4ABD-AA57-791C5A17D309}.Release|Any CPU.ActiveCfg = Release|Any CPU
		{5F9149F0-BEA7-4ABD-AA57-791C5A17D309}.Release|Any CPU.Build.0 = Release|Any CPU
	EndGlobalSection
	GlobalSection(SolutionProperties) = preSolution
		HideSolutionNode = FALSE
	EndGlobalSection
	GlobalSection(ExtensibilityGlobals) = postSolution
		SolutionGuid = {0F7202AD-84B2-4502-8041-7983EED883AC}
	EndGlobalSection
EndGlobal
